
Microsoft Visual Studio Solution File, Format Version 12.00
# Visual Studio Version 17
VisualStudioVersion = 17.2.32616.157
MinimumVisualStudioVersion = 10.0.40219.1
Project("{FAE04EC0-301F-11D3-BF4B-00C04F79EFBC}") = "AULA 1 KATIA", "AULA 1 KATIA\AULA 1 KATIA.csproj", "{1172C902-B810-47AA-BA94-027D81AD348A}"
EndProject
Global
	GlobalSection(SolutionConfigurationPlatforms) = preSolution
		Debug|Any CPU = Debug|Any CPU
		Release|Any CPU = Release|Any CPU
	EndGlobalSection
	GlobalSection(ProjectConfigurationPlatforms) = postSolution
		{1172C902-B810-47AA-BA94-027D81AD348A}.Debug|Any CPU.ActiveCfg = Debug|Any CPU
		{1172C902-B810-47AA-BA94-027D81AD348A}.Debug|Any CPU.Build.0 = Debug|Any CPU
		{1172C902-B810-47AA-BA94-027D81AD348A}.Release|Any CPU.ActiveCfg = Release|Any CPU
		{1172C902-B810-47AA-BA94-027D81AD348A}.Release|Any CPU.Build.0 = Release|Any CPU
	EndGlobalSection
	GlobalSection(SolutionProperties) = preSolution
		HideSolutionNode = FALSE
	EndGlobalSection
	GlobalSection(ExtensibilityGlobals) = postSolution
		SolutionGuid = {D355B855-62BD-468D-A612-3616DE0E3D7D}
	EndGlobalSection
EndGlobal
